// !$*UTF8*$!
{
	archiveVersion = 1;
	classes = {
	};
	objectVersion = 55;
	objects = {

/* Begin PBXBuildFile section */
		5536762527F18AD7006D3105 /* main.cpp in Sources */ = {isa = PBXBuildFile; fileRef = 5536761F27F18AD7006D3105 /* main.cpp */; };
/* End PBXBuildFile section */

/* Begin PBXCopyFilesBuildPhase section */
		5536761327F18AB1006D3105 /* CopyFiles */ = {
			isa = PBXCopyFilesBuildPhase;
			buildActionMask = 2147483647;
			dstPath = /usr/share/man/man1/;
			dstSubfolderSpec = 0;
			files = (
			);
			runOnlyForDeploymentPostprocessing = 1;
		};
/* End PBXCopyFilesBuildPhase section */

/* Begin PBXFileReference section */
		5536761527F18AB1006D3105 /* mul */ = {isa = PBXFileReference; explicitFileType = "compiled.mach-o.executable"; includeInIndex = 0; path = mul; sourceTree = BUILT_PRODUCTS_DIR; };
		5536761F27F18AD7006D3105 /* main.cpp */ = {isa = PBXFileReference; fileEncoding = 4; lastKnownFileType = sourcecode.cpp.cpp; path = main.cpp; sourceTree = "<group>"; };
		5536762027F18AD7006D3105 /* multi.in */ = {isa = PBXFileReference; fileEncoding = 4; lastKnownFileType = text; path = multi.in; sourceTree = "<group>"; };
		5536762127F18AD7006D3105 /* multi.out */ = {isa = PBXFileReference; fileEncoding = 4; lastKnownFileType = text; path = multi.out; sourceTree = "<group>"; };
		5536762227F18AD7006D3105 /* multi2.in */ = {isa = PBXFileReference; fileEncoding = 4; lastKnownFileType = text; path = multi2.in; sourceTree = "<group>"; };
		5536762327F18AD7006D3105 /* multi2.out */ = {isa = PBXFileReference; fileEncoding = 4; lastKnownFileType = text; path = multi2.out; sourceTree = "<group>"; };
		5536762427F18AD7006D3105 /* multi3.in */ = {isa = PBXFileReference; fileEncoding = 4; lastKnownFileType = text; path = multi3.in; sourceTree = "<group>"; };
		5545A35A27F1C014002CA17A /* multi4.in */ = {isa = PBXFileReference; lastKnownFileType = text; path = multi4.in; sourceTree = "<group>"; };
		5545A35B27F1C502002CA17A /* multi5.in */ = {isa = PBXFileReference; lastKnownFileType = text; path = multi5.in; sourceTree = "<group>"; };
		5545A37027F2402F002CA17A /* t2.in */ = {isa = PBXFileReference; fileEncoding = 4; lastKnownFileType = text; path = t2.in; sourceTree = "<group>"; };
		5545A37127F2402F002CA17A /* t1.in */ = {isa = PBXFileReference; fileEncoding = 4; lastKnownFileType = text; path = t1.in; sourceTree = "<group>"; };
/* End PBXFileReference section */

/* Begin PBXFrameworksBuildPhase section */
		5536761227F18AB1006D3105 /* Frameworks */ = {
			isa = PBXFrameworksBuildPhase;
			buildActionMask = 2147483647;
			files = (
			);
			runOnlyForDeploymentPostprocessing = 0;
		};
/* End PBXFrameworksBuildPhase section */

/* Begin PBXGroup section */
		5536760C27F18AB1006D3105 = {
			isa = PBXGroup;
			children = (
				5536761727F18AB1006D3105 /* mul */,
				5536761627F18AB1006D3105 /* Products */,
			);
			sourceTree = "<group>";
		};
		5536761627F18AB1006D3105 /* Products */ = {
			isa = PBXGroup;
			children = (
				5536761527F18AB1006D3105 /* mul */,
			);
			name = Products;
			sourceTree = "<group>";
		};
		5536761727F18AB1006D3105 /* mul */ = {
			isa = PBXGroup;
			children = (
				5536761F27F18AD7006D3105 /* main.cpp */,
				5536762027F18AD7006D3105 /* multi.in */,
				5536762127F18AD7006D3105 /* multi.out */,
				5536762227F18AD7006D3105 /* multi2.in */,
				5536762327F18AD7006D3105 /* multi2.out */,
				5536762427F18AD7006D3105 /* multi3.in */,
				5545A35A27F1C014002CA17A /* multi4.in */,
				5545A35B27F1C502002CA17A /* multi5.in */,
				5545A37127F2402F002CA17A /* t1.in */,
				5545A37027F2402F002CA17A /* t2.in */,
			);
			path = mul;
			sourceTree = "<group>";
		};
/* End PBXGroup section */

/* Begin PBXNativeTarget section */
		5536761427F18AB1006D3105 /* mul */ = {
			isa = PBXNativeTarget;
			buildConfigurationList = 5536761C27F18AB1006D3105 /* Build configuration list for PBXNativeTarget "mul" */;
			buildPhases = (
				5536761127F18AB1006D3105 /* Sources */,
				5536761227F18AB1006D3105 /* Frameworks */,
				5536761327F18AB1006D3105 /* CopyFiles */,
			);
			buildRules = (
			);
			dependencies = (
			);
			name = mul;
			productName = mul;
			productReference = 5536761527F18AB1006D3105 /* mul */;
			productType = "com.apple.product-type.tool";
		};
/* End PBXNativeTarget section */

/* Begin PBXProject section */
		5536760D27F18AB1006D3105 /* Project object */ = {
			isa = PBXProject;
			attributes = {
				BuildIndependentTargetsInParallel = 1;
				LastUpgradeCheck = 1330;
				TargetAttributes = {
					5536761427F18AB1006D3105 = {
						CreatedOnToolsVersion = 13.3;
					};
				};
			};
			buildConfigurationList = 5536761027F18AB1006D3105 /* Build configuration list for PBXProject "mul" */;
			compatibilityVersion = "Xcode 13.0";
			developmentRegion = en;
			hasScannedForEncodings = 0;
			knownRegions = (
				en,
				Base,
			);
			mainGroup = 5536760C27F18AB1006D3105;
			productRefGroup = 5536761627F18AB1006D3105 /* Products */;
			projectDirPath = "";
			projectRoot = "";
			targets = (
				5536761427F18AB1006D3105 /* mul */,
			);
		};
/* End PBXProject section */

/* Begin PBXSourcesBuildPhase section */
		5536761127F18AB1006D3105 /* Sources */ = {
			isa = PBXSourcesBuildPhase;
			buildActionMask = 2147483647;
			files = (
				5536762527F18AD7006D3105 /* main.cpp in Sources */,
			);
			runOnlyForDeploymentPostprocessing = 0;
		};
/* End PBXSourcesBuildPhase section */

/* Begin XCBuildConfiguration section */
		5536761A27F18AB1006D3105 /* Debug */ = {
			isa = XCBuildConfiguration;
			buildSettings = {
				ALWAYS_SEARCH_USER_PATHS = NO;
				CLANG_ANALYZER_NONNULL = YES;
				CLANG_ANALYZER_NUMBER_OBJECT_CONVERSION = YES_AGGRESSIVE;
				CLANG_CXX_LANGUAGE_STANDARD = "gnu++17";
				CLANG_ENABLE_MODULES = YES;
				CLANG_ENABLE_OBJC_ARC = YES;
				CLANG_ENABLE_OBJC_WEAK = YES;
				CLANG_WARN_BLOCK_CAPTURE_AUTORELEASING = YES;
				CLANG_WARN_BOOL_CONVERSION = YES;
				CLANG_WARN_COMMA = YES;
				CLANG_WARN_CONSTANT_CONVERSION = YES;
				CLANG_WARN_DEPRECATED_OBJC_IMPLEMENTATIONS = YES;
				CLANG_WARN_DIRECT_OBJC_ISA_USAGE = YES_ERROR;
				CLANG_WARN_DOCUMENTATION_COMMENTS = YES;
				CLANG_WARN_EMPTY_BODY = YES;
				CLANG_WARN_ENUM_CONVERSION = YES;
				CLANG_WARN_INFINITE_RECURSION = YES;
				CLANG_WARN_INT_CONVERSION = YES;
				CLANG_WARN_NON_LITERAL_NULL_CONVERSION = YES;
				CLANG_WARN_OBJC_IMPLICIT_RETAIN_SELF = YES;
				CLANG_WARN_OBJC_LITERAL_CONVERSION = YES;
				CLANG_WARN_OBJC_ROOT_CLASS = YES_ERROR;
				CLANG_WARN_QUOTED_INCLUDE_IN_FRAMEWORK_HEADER = YES;
				CLANG_WARN_RANGE_LOOP_ANALYSIS = YES;
				CLANG_WARN_STRICT_PROTOTYPES = YES;
				CLANG_WARN_SUSPICIOUS_MOVE = YES;
				CLANG_WARN_UNGUARDED_AVAILABILITY = YES_AGGRESSIVE;
				CLANG_WARN_UNREACHABLE_CODE = YES;
				CLANG_WARN__DUPLICATE_METHOD_MATCH = YES;
				COPY_PHASE_STRIP = NO;
				DEBUG_INFORMATION_FORMAT = dwarf;
				ENABLE_STRICT_OBJC_MSGSEND = YES;
				ENABLE_TESTABILITY = YES;
				GCC_C_LANGUAGE_STANDARD = gnu11;
				GCC_DYNAMIC_NO_PIC = NO;
				GCC_NO_COMMON_BLOCKS = YES;
				GCC_OPTIMIZATION_LEVEL = 0;
				GCC_PREPROCESSOR_DEFINITIONS = (
					"DEBUG=1",
					"$(inherited)",
				);
				GCC_WARN_64_TO_32_BIT_CONVERSION = YES;
				GCC_WARN_ABOUT_RETURN_TYPE = YES_ERROR;
				GCC_WARN_UNDECLARED_SELECTOR = YES;
				GCC_WARN_UNINITIALIZED_AUTOS = YES_AGGRESSIVE;
				GCC_WARN_UNUSED_FUNCTION = YES;
				GCC_WARN_UNUSED_VARIABLE = YES;
				MACOSX_DEPLOYMENT_TARGET = 12.2;
				MTL_ENABLE_DEBUG_INFO = INCLUDE_SOURCE;
				MTL_FAST_MATH = YES;
				ONLY_ACTIVE_ARCH = YES;
				SDKROOT = macosx;
			};
			name = Debug;
		};
		5536761B27F18AB1006D3105 /* Release */ = {
			isa = XCBuildConfiguration;
			buildSettings = {
				ALWAYS_SEARCH_USER_PATHS = NO;
				CLANG_ANALYZER_NONNULL = YES;
				CLANG_ANALYZER_NUMBER_OBJECT_CONVERSION = YES_AGGRESSIVE;
				CLANG_CXX_LANGUAGE_STANDARD = "gnu++17";
				CLANG_ENABLE_MODULES = YES;
				CLANG_ENABLE_OBJC_ARC = YES;
				CLANG_ENABLE_OBJC_WEAK = YES;
				CLANG_WARN_BLOCK_CAPTURE_AUTORELEASING = YES;
				CLANG_WARN_BOOL_CONVERSION = YES;
				CLANG_WARN_COMMA = YES;
				CLANG_WARN_CONSTANT_CONVERSION = YES;
				CLANG_WARN_DEPRECATED_OBJC_IMPLEMENTATIONS = YES;
				CLANG_WARN_DIRECT_OBJC_ISA_USAGE = YES_ERROR;
				CLANG_WARN_DOCUMENTATION_COMMENTS = YES;
				CLANG_WARN_EMPTY_BODY = YES;
				CLANG_WARN_ENUM_CONVERSION = YES;
				CLANG_WARN_INFINITE_RECURSION = YES;
				CLANG_WARN_INT_CONVERSION = YES;
				CLANG_WARN_NON_LITERAL_NULL_CONVERSION = YES;
				CLANG_WARN_OBJC_IMPLICIT_RETAIN_SELF = YES;
				CLANG_WARN_OBJC_LITERAL_CONVERSION = YES;
				CLANG_WARN_OBJC_ROOT_CLASS = YES_ERROR;
				CLANG_WARN_QUOTED_INCLUDE_IN_FRAMEWORK_HEADER = YES;
				CLANG_WARN_RANGE_LOOP_ANALYSIS = YES;
				CLANG_WARN_STRICT_PROTOTYPES = YES;
				CLANG_WARN_SUSPICIOUS_MOVE = YES;
				CLANG_WARN_UNGUARDED_AVAILABILITY = YES_AGGRESSIVE;
				CLANG_WARN_UNREACHABLE_CODE = YES;
				CLANG_WARN__DUPLICATE_METHOD_MATCH = YES;
				COPY_PHASE_STRIP = NO;
				DEBUG_INFORMATION_FORMAT = "dwarf-with-dsym";
				ENABLE_NS_ASSERTIONS = NO;
				ENABLE_STRICT_OBJC_MSGSEND = YES;
				GCC_C_LANGUAGE_STANDARD = gnu11;
				GCC_NO_COMMON_BLOCKS = YES;
				GCC_WARN_64_TO_32_BIT_CONVERSION = YES;
				GCC_WARN_ABOUT_RETURN_TYPE = YES_ERROR;
				GCC_WARN_UNDECLARED_SELECTOR = YES;
				GCC_WARN_UNINITIALIZED_AUTOS = YES_AGGRESSIVE;
				GCC_WARN_UNUSED_FUNCTION = YES;
				GCC_WARN_UNUSED_VARIABLE = YES;
				MACOSX_DEPLOYMENT_TARGET = 12.2;
				MTL_ENABLE_DEBUG_INFO = NO;
				MTL_FAST_MATH = YES;
				SDKROOT = macosx;
			};
			name = Release;
		};
		5536761D27F18AB1006D3105 /* Debug */ = {
			isa = XCBuildConfiguration;
			buildSettings = {
				CODE_SIGN_STYLE = Automatic;
				PRODUCT_NAME = "$(TARGET_NAME)";
			};
			name = Debug;
		};
		5536761E27F18AB1006D3105 /* Release */ = {
			isa = XCBuildConfiguration;
			buildSettings = {
				CODE_SIGN_STYLE = Automatic;
				PRODUCT_NAME = "$(TARGET_NAME)";
			};
			name = Release;
		};
/* End XCBuildConfiguration section */

/* Begin XCConfigurationList section */
		5536761027F18AB1006D3105 /* Build configuration list for PBXProject "mul" */ = {
			isa = XCConfigurationList;
			buildConfigurations = (
				5536761A27F18AB1006D3105 /* Debug */,
				5536761B27F18AB1006D3105 /* Release */,
			);
			defaultConfigurationIsVisible = 0;
			defaultConfigurationName = Release;
		};
		5536761C27F18AB1006D3105 /* Build configuration list for PBXNativeTarget "mul" */ = {
			isa = XCConfigurationList;
			buildConfigurations = (
				5536761D27F18AB1006D3105 /* Debug */,
				5536761E27F18AB1006D3105 /* Release */,
			);
			defaultConfigurationIsVisible = 0;
			defaultConfigurationName = Release;
		};
/* End XCConfigurationList section */
	};
	rootObject = 5536760D27F18AB1006D3105 /* Project object */;
}
