// !$*UTF8*$!
{
	archiveVersion = 1;
	classes = {
	};
	objectVersion = 55;
	objects = {

/* Begin PBXFileReference section */
		5510F1C4281958DC0031A414 /* CMakeLists.txt */ = {isa = PBXFileReference; lastKnownFileType = text; path = CMakeLists.txt; sourceTree = "<group>"; };
		5510F1C5281958DC0031A414 /* SrcMain.cpp */ = {isa = PBXFileReference; lastKnownFileType = sourcecode.cpp.cpp; path = SrcMain.cpp; sourceTree = "<group>"; };
		5510F1C6281958DC0031A414 /* CMakeFiles */ = {isa = PBXFileReference; lastKnownFileType = folder; path = CMakeFiles; sourceTree = "<group>"; };
		5510F1C7281958DC0031A414 /* libsrc.a */ = {isa = PBXFileReference; lastKnownFileType = archive.ar; path = libsrc.a; sourceTree = "<group>"; };
		5510F1C8281958DC0031A414 /* Makefile */ = {isa = PBXFileReference; lastKnownFileType = sourcecode.make; path = Makefile; sourceTree = "<group>"; };
		5510F1C9281958DC0031A414 /* imdb.h */ = {isa = PBXFileReference; lastKnownFileType = sourcecode.c.h; path = imdb.h; sourceTree = "<group>"; };
		5510F1CA281958DC0031A414 /* imdbparser.h */ = {isa = PBXFileReference; lastKnownFileType = sourcecode.c.h; path = imdbparser.h; sourceTree = "<group>"; };
		5510F1CB281958DC0031A414 /* cmake_install.cmake */ = {isa = PBXFileReference; lastKnownFileType = text; path = cmake_install.cmake; sourceTree = "<group>"; };
		5510F1CC281958DC0031A414 /* imdbparser.cpp */ = {isa = PBXFileReference; lastKnownFileType = sourcecode.cpp.cpp; path = imdbparser.cpp; sourceTree = "<group>"; };
		5510F1CD281958DC0031A414 /* imdb.cpp */ = {isa = PBXFileReference; lastKnownFileType = sourcecode.cpp.cpp; path = imdb.cpp; sourceTree = "<group>"; };
		5510F1CE281958DC0031A414 /* SrcMain.h */ = {isa = PBXFileReference; lastKnownFileType = sourcecode.c.h; path = SrcMain.h; sourceTree = "<group>"; };
/* End PBXFileReference section */

/* Begin PBXGroup section */
		5510F1BE281958DC0031A414 = {
			isa = PBXGroup;
			children = (
				5510F1C4281958DC0031A414 /* CMakeLists.txt */,
				5510F1C5281958DC0031A414 /* SrcMain.cpp */,
				5510F1C6281958DC0031A414 /* CMakeFiles */,
				5510F1C7281958DC0031A414 /* libsrc.a */,
				5510F1C8281958DC0031A414 /* Makefile */,
				5510F1C9281958DC0031A414 /* imdb.h */,
				5510F1CA281958DC0031A414 /* imdbparser.h */,
				5510F1CB281958DC0031A414 /* cmake_install.cmake */,
				5510F1CC281958DC0031A414 /* imdbparser.cpp */,
				5510F1CD281958DC0031A414 /* imdb.cpp */,
				5510F1CE281958DC0031A414 /* SrcMain.h */,
			);
			sourceTree = "<group>";
		};
/* End PBXGroup section */

/* Begin PBXLegacyTarget section */
		5510F1C3281958DC0031A414 /* src */ = {
			isa = PBXLegacyTarget;
			buildArgumentsString = "$(ACTION)";
			buildConfigurationList = 5510F1CF281958DC0031A414 /* Build configuration list for PBXLegacyTarget "src" */;
			buildPhases = (
			);
			buildToolPath = /usr/bin/make;
			buildWorkingDirectory = "/Users/jacoban/Documents/GitHub/Crebugs/Work/4:27- rlakim02/imdb/imdb/src";
			dependencies = (
			);
			name = src;
			passBuildSettingsInEnvironment = 1;
			productName = src;
		};
/* End PBXLegacyTarget section */

/* Begin PBXProject section */
		5510F1BF281958DC0031A414 /* Project object */ = {
			isa = PBXProject;
			attributes = {
				BuildIndependentTargetsInParallel = 1;
			};
			buildConfigurationList = 5510F1C2281958DC0031A414 /* Build configuration list for PBXProject "src" */;
			compatibilityVersion = "Xcode 13.0";
			developmentRegion = en;
			hasScannedForEncodings = 0;
			knownRegions = (
				en,
				Base,
			);
			mainGroup = 5510F1BE281958DC0031A414;
			projectDirPath = "";
			projectRoot = "";
			targets = (
				5510F1C3281958DC0031A414 /* src */,
			);
		};
/* End PBXProject section */

/* Begin XCBuildConfiguration section */
		5510F1C0281958DC0031A414 /* Debug */ = {
			isa = XCBuildConfiguration;
			buildSettings = {
				ARCHS = "$(ARCHS_STANDARD_32_BIT)";
				COPY_PHASE_STRIP = NO;
				GCC_WARN_ABOUT_RETURN_TYPE = YES;
				GCC_WARN_UNUSED_VARIABLE = YES;
				ONLY_ACTIVE_ARCH = YES;
				SDKROOT = macosx10.6;
			};
			name = Debug;
		};
		5510F1C1281958DC0031A414 /* Release */ = {
			isa = XCBuildConfiguration;
			buildSettings = {
				ARCHS = "$(ARCHS_STANDARD_32_BIT)";
				COPY_PHASE_STRIP = YES;
				GCC_WARN_ABOUT_RETURN_TYPE = YES;
				GCC_WARN_UNUSED_VARIABLE = YES;
				SDKROOT = macosx10.6;
			};
			name = Release;
		};
		5510F1D0281958DC0031A414 /* Debug */ = {
			isa = XCBuildConfiguration;
			buildSettings = {
				COPY_PHASE_STRIP = NO;
				DEBUGGING_SYMBOLS = YES;
				GCC_DYNAMIC_NO_PIC = NO;
				GCC_ENABLE_FIX_AND_CONTINUE = YES;
				GCC_GENERATE_DEBUGGING_SYMBOLS = YES;
				GCC_OPTIMIZATION_LEVEL = 0;
				OTHER_CFLAGS = "";
				OTHER_LDFLAGS = "";
				PRODUCT_NAME = src;
			};
			name = Debug;
		};
		5510F1D1281958DC0031A414 /* Release */ = {
			isa = XCBuildConfiguration;
			buildSettings = {
				COPY_PHASE_STRIP = YES;
				DEBUG_INFORMATION_FORMAT = "dwarf-with-dsym";
				GCC_ENABLE_FIX_AND_CONTINUE = NO;
				OTHER_CFLAGS = "";
				OTHER_LDFLAGS = "";
				PRODUCT_NAME = src;
			};
			name = Release;
		};
/* End XCBuildConfiguration section */

/* Begin XCConfigurationList section */
		5510F1C2281958DC0031A414 /* Build configuration list for PBXProject "src" */ = {
			isa = XCConfigurationList;
			buildConfigurations = (
				5510F1C0281958DC0031A414 /* Debug */,
				5510F1C1281958DC0031A414 /* Release */,
			);
			defaultConfigurationIsVisible = 0;
			defaultConfigurationName = Release;
		};
		5510F1CF281958DC0031A414 /* Build configuration list for PBXLegacyTarget "src" */ = {
			isa = XCConfigurationList;
			buildConfigurations = (
				5510F1D0281958DC0031A414 /* Debug */,
				5510F1D1281958DC0031A414 /* Release */,
			);
			defaultConfigurationIsVisible = 0;
			defaultConfigurationName = Release;
		};
/* End XCConfigurationList section */
	};
	rootObject = 5510F1BF281958DC0031A414 /* Project object */;
}
