
Microsoft Visual Studio Solution File, Format Version 12.00
# Visual Studio Version 17
VisualStudioVersion = 17.7.34221.43
MinimumVisualStudioVersion = 10.0.40219.1
Project("{8BC9CEB8-8B4A-11D0-8D11-00A0C91BC942}") = "c-janggi", "c-janggi.vcxproj", "{B8ADE4C8-B2EA-4127-A084-FBF242344C15}"
EndProject
Global
	GlobalSection(SolutionConfigurationPlatforms) = preSolution
		Debug|x64 = Debug|x64
		Debug|x86 = Debug|x86
		Release|x64 = Release|x64
		Release|x86 = Release|x86
	EndGlobalSection
	GlobalSection(ProjectConfigurationPlatforms) = postSolution
		{B8ADE4C8-B2EA-4127-A084-FBF242344C15}.Debug|x64.ActiveCfg = Debug|x64
		{B8ADE4C8-B2EA-4127-A084-FBF242344C15}.Debug|x64.Build.0 = Debug|x64
		{B8ADE4C8-B2EA-4127-A084-FBF242344C15}.Debug|x86.ActiveCfg = Debug|Win32
		{B8ADE4C8-B2EA-4127-A084-FBF242344C15}.Debug|x86.Build.0 = Debug|Win32
		{B8ADE4C8-B2EA-4127-A084-FBF242344C15}.Release|x64.ActiveCfg = Release|x64
		{B8ADE4C8-B2EA-4127-A084-FBF242344C15}.Release|x64.Build.0 = Release|x64
		{B8ADE4C8-B2EA-4127-A084-FBF242344C15}.Release|x86.ActiveCfg = Release|Win32
		{B8ADE4C8-B2EA-4127-A084-FBF242344C15}.Release|x86.Build.0 = Release|Win32
	EndGlobalSection
	GlobalSection(SolutionProperties) = preSolution
		HideSolutionNode = FALSE
	EndGlobalSection
	GlobalSection(ExtensibilityGlobals) = postSolution
		SolutionGuid = {DBC3560A-04FF-4D96-A92D-9C4B9BE4A78E}
	EndGlobalSection
EndGlobal
