
Microsoft Visual Studio Solution File, Format Version 12.00
# Visual Studio Version 17
VisualStudioVersion = 17.7.34221.43
MinimumVisualStudioVersion = 10.0.40219.1
Project("{9A19103F-16F7-4668-BE54-9A1E7A4F7556}") = "Assignment", "Assignment.csproj", "{2A3F55B2-12E2-4FB4-9745-AD6B2D0DC025}"
EndProject
Global
	GlobalSection(SolutionConfigurationPlatforms) = preSolution
		Debug|Any CPU = Debug|Any CPU
		Release|Any CPU = Release|Any CPU
	EndGlobalSection
	GlobalSection(ProjectConfigurationPlatforms) = postSolution
		{2A3F55B2-12E2-4FB4-9745-AD6B2D0DC025}.Debug|Any CPU.ActiveCfg = Debug|Any CPU
		{2A3F55B2-12E2-4FB4-9745-AD6B2D0DC025}.Debug|Any CPU.Build.0 = Debug|Any CPU
		{2A3F55B2-12E2-4FB4-9745-AD6B2D0DC025}.Release|Any CPU.ActiveCfg = Release|Any CPU
		{2A3F55B2-12E2-4FB4-9745-AD6B2D0DC025}.Release|Any CPU.Build.0 = Release|Any CPU
	EndGlobalSection
	GlobalSection(SolutionProperties) = preSolution
		HideSolutionNode = FALSE
	EndGlobalSection
	GlobalSection(ExtensibilityGlobals) = postSolution
		SolutionGuid = {96E45F8E-0084-457B-AEBE-374D81D8AA63}
	EndGlobalSection
EndGlobal
