// !$*UTF8*$!
{
	archiveVersion = 1;
	classes = {
	};
	objectVersion = 56;
	objects = {

/* Begin PBXBuildFile section */
		5558FDA02B29E94F005AE0E0 /* ListGraph.cpp in Sources */ = {isa = PBXBuildFile; fileRef = 5558FD972B29E94F005AE0E0 /* ListGraph.cpp */; };
		5558FDA12B29E94F005AE0E0 /* Graph.cpp in Sources */ = {isa = PBXBuildFile; fileRef = 5558FD982B29E94F005AE0E0 /* Graph.cpp */; };
		5558FDA22B29E94F005AE0E0 /* main.cpp in Sources */ = {isa = PBXBuildFile; fileRef = 5558FD9A2B29E94F005AE0E0 /* main.cpp */; };
		5558FDA32B29E94F005AE0E0 /* Manager.cpp in Sources */ = {isa = PBXBuildFile; fileRef = 5558FD9B2B29E94F005AE0E0 /* Manager.cpp */; };
		5558FDA42B29E94F005AE0E0 /* GraphMethod.cpp in Sources */ = {isa = PBXBuildFile; fileRef = 5558FD9D2B29E94F005AE0E0 /* GraphMethod.cpp */; };
		5558FDA52B29E94F005AE0E0 /* MatrixGraph.cpp in Sources */ = {isa = PBXBuildFile; fileRef = 5558FD9E2B29E94F005AE0E0 /* MatrixGraph.cpp */; };
		5558FDA62B29E94F005AE0E0 /* makefile in Sources */ = {isa = PBXBuildFile; fileRef = 5558FD9F2B29E94F005AE0E0 /* makefile */; };
/* End PBXBuildFile section */

/* Begin PBXCopyFilesBuildPhase section */
		55A5AA122B00AB0800394011 /* CopyFiles */ = {
			isa = PBXCopyFilesBuildPhase;
			buildActionMask = 2147483647;
			dstPath = /usr/share/man/man1/;
			dstSubfolderSpec = 0;
			files = (
			);
			runOnlyForDeploymentPostprocessing = 1;
		};
/* End PBXCopyFilesBuildPhase section */

/* Begin PBXFileReference section */
		5558FD942B29E94F005AE0E0 /* GraphMethod.h */ = {isa = PBXFileReference; fileEncoding = 4; lastKnownFileType = sourcecode.c.h; path = GraphMethod.h; sourceTree = "<group>"; };
		5558FD952B29E94F005AE0E0 /* Graph.h */ = {isa = PBXFileReference; fileEncoding = 4; lastKnownFileType = sourcecode.c.h; path = Graph.h; sourceTree = "<group>"; };
		5558FD962B29E94F005AE0E0 /* MatrixGraph.h */ = {isa = PBXFileReference; fileEncoding = 4; lastKnownFileType = sourcecode.c.h; path = MatrixGraph.h; sourceTree = "<group>"; };
		5558FD972B29E94F005AE0E0 /* ListGraph.cpp */ = {isa = PBXFileReference; fileEncoding = 4; lastKnownFileType = sourcecode.cpp.cpp; path = ListGraph.cpp; sourceTree = "<group>"; };
		5558FD982B29E94F005AE0E0 /* Graph.cpp */ = {isa = PBXFileReference; fileEncoding = 4; lastKnownFileType = sourcecode.cpp.cpp; path = Graph.cpp; sourceTree = "<group>"; };
		5558FD992B29E94F005AE0E0 /* ListGraph.h */ = {isa = PBXFileReference; fileEncoding = 4; lastKnownFileType = sourcecode.c.h; path = ListGraph.h; sourceTree = "<group>"; };
		5558FD9A2B29E94F005AE0E0 /* main.cpp */ = {isa = PBXFileReference; fileEncoding = 4; lastKnownFileType = sourcecode.cpp.cpp; path = main.cpp; sourceTree = "<group>"; };
		5558FD9B2B29E94F005AE0E0 /* Manager.cpp */ = {isa = PBXFileReference; fileEncoding = 4; lastKnownFileType = sourcecode.cpp.cpp; path = Manager.cpp; sourceTree = "<group>"; };
		5558FD9C2B29E94F005AE0E0 /* Manager.h */ = {isa = PBXFileReference; fileEncoding = 4; lastKnownFileType = sourcecode.c.h; path = Manager.h; sourceTree = "<group>"; };
		5558FD9D2B29E94F005AE0E0 /* GraphMethod.cpp */ = {isa = PBXFileReference; fileEncoding = 4; lastKnownFileType = sourcecode.cpp.cpp; path = GraphMethod.cpp; sourceTree = "<group>"; };
		5558FD9E2B29E94F005AE0E0 /* MatrixGraph.cpp */ = {isa = PBXFileReference; fileEncoding = 4; lastKnownFileType = sourcecode.cpp.cpp; path = MatrixGraph.cpp; sourceTree = "<group>"; };
		5558FD9F2B29E94F005AE0E0 /* makefile */ = {isa = PBXFileReference; fileEncoding = 4; lastKnownFileType = sourcecode.make; path = makefile; sourceTree = "<group>"; };
		5558FDA72B29F1D3005AE0E0 /* command.txt */ = {isa = PBXFileReference; lastKnownFileType = text; path = command.txt; sourceTree = "<group>"; };
		5558FDA82B29F220005AE0E0 /* graph_M.txt */ = {isa = PBXFileReference; lastKnownFileType = text; path = graph_M.txt; sourceTree = "<group>"; };
		5558FDA92B29F220005AE0E0 /* graph_L.txt */ = {isa = PBXFileReference; lastKnownFileType = text; path = graph_L.txt; sourceTree = "<group>"; };
		55A5AA142B00AB0800394011 /* cpp-workspace */ = {isa = PBXFileReference; explicitFileType = "compiled.mach-o.executable"; includeInIndex = 0; path = "cpp-workspace"; sourceTree = BUILT_PRODUCTS_DIR; };
/* End PBXFileReference section */

/* Begin PBXFrameworksBuildPhase section */
		55A5AA112B00AB0800394011 /* Frameworks */ = {
			isa = PBXFrameworksBuildPhase;
			buildActionMask = 2147483647;
			files = (
			);
			runOnlyForDeploymentPostprocessing = 0;
		};
/* End PBXFrameworksBuildPhase section */

/* Begin PBXGroup section */
		55A5AA0B2B00AB0800394011 = {
			isa = PBXGroup;
			children = (
				55A5AA162B00AB0800394011 /* cpp-workspace */,
				55A5AA152B00AB0800394011 /* Products */,
			);
			sourceTree = "<group>";
		};
		55A5AA152B00AB0800394011 /* Products */ = {
			isa = PBXGroup;
			children = (
				55A5AA142B00AB0800394011 /* cpp-workspace */,
			);
			name = Products;
			sourceTree = "<group>";
		};
		55A5AA162B00AB0800394011 /* cpp-workspace */ = {
			isa = PBXGroup;
			children = (
				5558FD982B29E94F005AE0E0 /* Graph.cpp */,
				5558FD952B29E94F005AE0E0 /* Graph.h */,
				5558FD9D2B29E94F005AE0E0 /* GraphMethod.cpp */,
				5558FD942B29E94F005AE0E0 /* GraphMethod.h */,
				5558FD972B29E94F005AE0E0 /* ListGraph.cpp */,
				5558FD992B29E94F005AE0E0 /* ListGraph.h */,
				5558FD9A2B29E94F005AE0E0 /* main.cpp */,
				5558FD9F2B29E94F005AE0E0 /* makefile */,
				5558FD9B2B29E94F005AE0E0 /* Manager.cpp */,
				5558FD9C2B29E94F005AE0E0 /* Manager.h */,
				5558FD9E2B29E94F005AE0E0 /* MatrixGraph.cpp */,
				5558FD962B29E94F005AE0E0 /* MatrixGraph.h */,
				5558FDA72B29F1D3005AE0E0 /* command.txt */,
				5558FDA92B29F220005AE0E0 /* graph_L.txt */,
				5558FDA82B29F220005AE0E0 /* graph_M.txt */,
			);
			path = "cpp-workspace";
			sourceTree = "<group>";
		};
/* End PBXGroup section */

/* Begin PBXNativeTarget section */
		55A5AA132B00AB0800394011 /* cpp-workspace */ = {
			isa = PBXNativeTarget;
			buildConfigurationList = 55A5AA1B2B00AB0800394011 /* Build configuration list for PBXNativeTarget "cpp-workspace" */;
			buildPhases = (
				55A5AA102B00AB0800394011 /* Sources */,
				55A5AA112B00AB0800394011 /* Frameworks */,
				55A5AA122B00AB0800394011 /* CopyFiles */,
			);
			buildRules = (
			);
			dependencies = (
			);
			name = "cpp-workspace";
			productName = "cpp-workspace";
			productReference = 55A5AA142B00AB0800394011 /* cpp-workspace */;
			productType = "com.apple.product-type.tool";
		};
/* End PBXNativeTarget section */

/* Begin PBXProject section */
		55A5AA0C2B00AB0800394011 /* Project object */ = {
			isa = PBXProject;
			attributes = {
				BuildIndependentTargetsInParallel = 1;
				LastUpgradeCheck = 1430;
				TargetAttributes = {
					55A5AA132B00AB0800394011 = {
						CreatedOnToolsVersion = 14.3.1;
					};
				};
			};
			buildConfigurationList = 55A5AA0F2B00AB0800394011 /* Build configuration list for PBXProject "cpp-workspace" */;
			compatibilityVersion = "Xcode 14.0";
			developmentRegion = en;
			hasScannedForEncodings = 0;
			knownRegions = (
				en,
				Base,
			);
			mainGroup = 55A5AA0B2B00AB0800394011;
			productRefGroup = 55A5AA152B00AB0800394011 /* Products */;
			projectDirPath = "";
			projectRoot = "";
			targets = (
				55A5AA132B00AB0800394011 /* cpp-workspace */,
			);
		};
/* End PBXProject section */

/* Begin PBXSourcesBuildPhase section */
		55A5AA102B00AB0800394011 /* Sources */ = {
			isa = PBXSourcesBuildPhase;
			buildActionMask = 2147483647;
			files = (
				5558FDA12B29E94F005AE0E0 /* Graph.cpp in Sources */,
				5558FDA62B29E94F005AE0E0 /* makefile in Sources */,
				5558FDA02B29E94F005AE0E0 /* ListGraph.cpp in Sources */,
				5558FDA22B29E94F005AE0E0 /* main.cpp in Sources */,
				5558FDA32B29E94F005AE0E0 /* Manager.cpp in Sources */,
				5558FDA42B29E94F005AE0E0 /* GraphMethod.cpp in Sources */,
				5558FDA52B29E94F005AE0E0 /* MatrixGraph.cpp in Sources */,
			);
			runOnlyForDeploymentPostprocessing = 0;
		};
/* End PBXSourcesBuildPhase section */

/* Begin XCBuildConfiguration section */
		55A5AA192B00AB0800394011 /* Debug */ = {
			isa = XCBuildConfiguration;
			buildSettings = {
				ALWAYS_SEARCH_USER_PATHS = NO;
				CLANG_ANALYZER_NONNULL = YES;
				CLANG_ANALYZER_NUMBER_OBJECT_CONVERSION = YES_AGGRESSIVE;
				CLANG_CXX_LANGUAGE_STANDARD = "gnu++20";
				CLANG_ENABLE_MODULES = YES;
				CLANG_ENABLE_OBJC_ARC = YES;
				CLANG_ENABLE_OBJC_WEAK = YES;
				CLANG_WARN_BLOCK_CAPTURE_AUTORELEASING = YES;
				CLANG_WARN_BOOL_CONVERSION = YES;
				CLANG_WARN_COMMA = YES;
				CLANG_WARN_CONSTANT_CONVERSION = YES;
				CLANG_WARN_DEPRECATED_OBJC_IMPLEMENTATIONS = YES;
				CLANG_WARN_DIRECT_OBJC_ISA_USAGE = YES_ERROR;
				CLANG_WARN_DOCUMENTATION_COMMENTS = YES;
				CLANG_WARN_EMPTY_BODY = YES;
				CLANG_WARN_ENUM_CONVERSION = YES;
				CLANG_WARN_INFINITE_RECURSION = YES;
				CLANG_WARN_INT_CONVERSION = YES;
				CLANG_WARN_NON_LITERAL_NULL_CONVERSION = YES;
				CLANG_WARN_OBJC_IMPLICIT_RETAIN_SELF = YES;
				CLANG_WARN_OBJC_LITERAL_CONVERSION = YES;
				CLANG_WARN_OBJC_ROOT_CLASS = YES_ERROR;
				CLANG_WARN_QUOTED_INCLUDE_IN_FRAMEWORK_HEADER = YES;
				CLANG_WARN_RANGE_LOOP_ANALYSIS = YES;
				CLANG_WARN_STRICT_PROTOTYPES = YES;
				CLANG_WARN_SUSPICIOUS_MOVE = YES;
				CLANG_WARN_UNGUARDED_AVAILABILITY = YES_AGGRESSIVE;
				CLANG_WARN_UNREACHABLE_CODE = YES;
				CLANG_WARN__DUPLICATE_METHOD_MATCH = YES;
				COPY_PHASE_STRIP = NO;
				DEBUG_INFORMATION_FORMAT = dwarf;
				ENABLE_STRICT_OBJC_MSGSEND = YES;
				ENABLE_TESTABILITY = YES;
				GCC_C_LANGUAGE_STANDARD = gnu11;
				GCC_DYNAMIC_NO_PIC = NO;
				GCC_NO_COMMON_BLOCKS = YES;
				GCC_OPTIMIZATION_LEVEL = 0;
				GCC_PREPROCESSOR_DEFINITIONS = (
					"DEBUG=1",
					"$(inherited)",
				);
				GCC_WARN_64_TO_32_BIT_CONVERSION = YES;
				GCC_WARN_ABOUT_RETURN_TYPE = YES_ERROR;
				GCC_WARN_UNDECLARED_SELECTOR = YES;
				GCC_WARN_UNINITIALIZED_AUTOS = YES_AGGRESSIVE;
				GCC_WARN_UNUSED_FUNCTION = YES;
				GCC_WARN_UNUSED_VARIABLE = YES;
				MACOSX_DEPLOYMENT_TARGET = 13.3;
				MTL_ENABLE_DEBUG_INFO = INCLUDE_SOURCE;
				MTL_FAST_MATH = YES;
				ONLY_ACTIVE_ARCH = YES;
				SDKROOT = macosx;
			};
			name = Debug;
		};
		55A5AA1A2B00AB0800394011 /* Release */ = {
			isa = XCBuildConfiguration;
			buildSettings = {
				ALWAYS_SEARCH_USER_PATHS = NO;
				CLANG_ANALYZER_NONNULL = YES;
				CLANG_ANALYZER_NUMBER_OBJECT_CONVERSION = YES_AGGRESSIVE;
				CLANG_CXX_LANGUAGE_STANDARD = "gnu++20";
				CLANG_ENABLE_MODULES = YES;
				CLANG_ENABLE_OBJC_ARC = YES;
				CLANG_ENABLE_OBJC_WEAK = YES;
				CLANG_WARN_BLOCK_CAPTURE_AUTORELEASING = YES;
				CLANG_WARN_BOOL_CONVERSION = YES;
				CLANG_WARN_COMMA = YES;
				CLANG_WARN_CONSTANT_CONVERSION = YES;
				CLANG_WARN_DEPRECATED_OBJC_IMPLEMENTATIONS = YES;
				CLANG_WARN_DIRECT_OBJC_ISA_USAGE = YES_ERROR;
				CLANG_WARN_DOCUMENTATION_COMMENTS = YES;
				CLANG_WARN_EMPTY_BODY = YES;
				CLANG_WARN_ENUM_CONVERSION = YES;
				CLANG_WARN_INFINITE_RECURSION = YES;
				CLANG_WARN_INT_CONVERSION = YES;
				CLANG_WARN_NON_LITERAL_NULL_CONVERSION = YES;
				CLANG_WARN_OBJC_IMPLICIT_RETAIN_SELF = YES;
				CLANG_WARN_OBJC_LITERAL_CONVERSION = YES;
				CLANG_WARN_OBJC_ROOT_CLASS = YES_ERROR;
				CLANG_WARN_QUOTED_INCLUDE_IN_FRAMEWORK_HEADER = YES;
				CLANG_WARN_RANGE_LOOP_ANALYSIS = YES;
				CLANG_WARN_STRICT_PROTOTYPES = YES;
				CLANG_WARN_SUSPICIOUS_MOVE = YES;
				CLANG_WARN_UNGUARDED_AVAILABILITY = YES_AGGRESSIVE;
				CLANG_WARN_UNREACHABLE_CODE = YES;
				CLANG_WARN__DUPLICATE_METHOD_MATCH = YES;
				COPY_PHASE_STRIP = NO;
				DEBUG_INFORMATION_FORMAT = "dwarf-with-dsym";
				ENABLE_NS_ASSERTIONS = NO;
				ENABLE_STRICT_OBJC_MSGSEND = YES;
				GCC_C_LANGUAGE_STANDARD = gnu11;
				GCC_NO_COMMON_BLOCKS = YES;
				GCC_WARN_64_TO_32_BIT_CONVERSION = YES;
				GCC_WARN_ABOUT_RETURN_TYPE = YES_ERROR;
				GCC_WARN_UNDECLARED_SELECTOR = YES;
				GCC_WARN_UNINITIALIZED_AUTOS = YES_AGGRESSIVE;
				GCC_WARN_UNUSED_FUNCTION = YES;
				GCC_WARN_UNUSED_VARIABLE = YES;
				MACOSX_DEPLOYMENT_TARGET = 13.3;
				MTL_ENABLE_DEBUG_INFO = NO;
				MTL_FAST_MATH = YES;
				SDKROOT = macosx;
			};
			name = Release;
		};
		55A5AA1C2B00AB0800394011 /* Debug */ = {
			isa = XCBuildConfiguration;
			buildSettings = {
				CLANG_CXX_LANGUAGE_STANDARD = "gnu++0x";
				CODE_SIGN_STYLE = Automatic;
				PRODUCT_NAME = "$(TARGET_NAME)";
			};
			name = Debug;
		};
		55A5AA1D2B00AB0800394011 /* Release */ = {
			isa = XCBuildConfiguration;
			buildSettings = {
				CLANG_CXX_LANGUAGE_STANDARD = "gnu++0x";
				CODE_SIGN_STYLE = Automatic;
				PRODUCT_NAME = "$(TARGET_NAME)";
			};
			name = Release;
		};
/* End XCBuildConfiguration section */

/* Begin XCConfigurationList section */
		55A5AA0F2B00AB0800394011 /* Build configuration list for PBXProject "cpp-workspace" */ = {
			isa = XCConfigurationList;
			buildConfigurations = (
				55A5AA192B00AB0800394011 /* Debug */,
				55A5AA1A2B00AB0800394011 /* Release */,
			);
			defaultConfigurationIsVisible = 0;
			defaultConfigurationName = Release;
		};
		55A5AA1B2B00AB0800394011 /* Build configuration list for PBXNativeTarget "cpp-workspace" */ = {
			isa = XCConfigurationList;
			buildConfigurations = (
				55A5AA1C2B00AB0800394011 /* Debug */,
				55A5AA1D2B00AB0800394011 /* Release */,
			);
			defaultConfigurationIsVisible = 0;
			defaultConfigurationName = Release;
		};
/* End XCConfigurationList section */
	};
	rootObject = 55A5AA0C2B00AB0800394011 /* Project object */;
}
